
Microsoft Visual Studio Solution File, Format Version 12.00
# Visual Studio Version 17
VisualStudioVersion = 17.14.37111.16 d17.14
MinimumVisualStudioVersion = 10.0.40219.1
Project("{FAE04EC0-301F-11D3-BF4B-00C04F79EFBC}") = "Reggie_star", "Reggie_star.csproj", "{126F1B7C-7348-4AC5-AFD3-0DF643DF079E}"
EndProject
Global
	GlobalSection(SolutionConfigurationPlatforms) = preSolution
		Debug|Any CPU = Debug|Any CPU
		Release|Any CPU = Release|Any CPU
	EndGlobalSection
	GlobalSection(ProjectConfigurationPlatforms) = postSolution
		{126F1B7C-7348-4AC5-AFD3-0DF643DF079E}.Debug|Any CPU.ActiveCfg = Debug|Any CPU
		{126F1B7C-7348-4AC5-AFD3-0DF643DF079E}.Debug|Any CPU.Build.0 = Debug|Any CPU
		{126F1B7C-7348-4AC5-AFD3-0DF643DF079E}.Release|Any CPU.ActiveCfg = Release|Any CPU
		{126F1B7C-7348-4AC5-AFD3-0DF643DF079E}.Release|Any CPU.Build.0 = Release|Any CPU
	EndGlobalSection
	GlobalSection(SolutionProperties) = preSolution
		HideSolutionNode = FALSE
	EndGlobalSection
	GlobalSection(ExtensibilityGlobals) = postSolution
		SolutionGuid = {205F4A38-59DE-40DA-A27B-EFD437CB642E}
	EndGlobalSection
EndGlobal
